// !$*UTF8*$!
{
	archiveVersion = 1;
	classes = {
	};
	objectVersion = 46;
	objects = {

/* Begin PBXBuildFile section */
		9BB4D1561DC48C240080A2D1 /* AppDelegate.swift in Sources */ = {isa = PBXBuildFile; fileRef = 9BB4D1551DC48C240080A2D1 /* AppDelegate.swift */; };
		9BB4D1581DC48C240080A2D1 /* ViewController.swift in Sources */ = {isa = PBXBuildFile; fileRef = 9BB4D1571DC48C240080A2D1 /* ViewController.swift */; };
		9BB4D15B1DC48C240080A2D1 /* Main.storyboard in Resources */ = {isa = PBXBuildFile; fileRef = 9BB4D1591DC48C240080A2D1 /* Main.storyboard */; };
		9BB4D15D1DC48C240080A2D1 /* Assets.xcassets in Resources */ = {isa = PBXBuildFile; fileRef = 9BB4D15C1DC48C240080A2D1 /* Assets.xcassets */; };
		9BB4D1601DC48C240080A2D1 /* LaunchScreen.storyboard in Resources */ = {isa = PBXBuildFile; fileRef = 9BB4D15E1DC48C240080A2D1 /* LaunchScreen.storyboard */; };
		9BB4D16B1DC48C250080A2D1 /* SushiCalcTests.swift in Sources */ = {isa = PBXBuildFile; fileRef = 9BB4D16A1DC48C250080A2D1 /* SushiCalcTests.swift */; };
		9BB4D1761DC48C250080A2D1 /* SushiCalcUITests.swift in Sources */ = {isa = PBXBuildFile; fileRef = 9BB4D1751DC48C250080A2D1 /* SushiCalcUITests.swift */; };
/* End PBXBuildFile section */

/* Begin PBXContainerItemProxy section */
		9BB4D1671DC48C250080A2D1 /* PBXContainerItemProxy */ = {
			isa = PBXContainerItemProxy;
			containerPortal = 9BB4D14A1DC48C240080A2D1 /* Project object */;
			proxyType = 1;
			remoteGlobalIDString = 9BB4D1511DC48C240080A2D1;
			remoteInfo = SushiCalc;
		};
		9BB4D1721DC48C250080A2D1 /* PBXContainerItemProxy */ = {
			isa = PBXContainerItemProxy;
			containerPortal = 9BB4D14A1DC48C240080A2D1 /* Project object */;
			proxyType = 1;
			remoteGlobalIDString = 9BB4D1511DC48C240080A2D1;
			remoteInfo = SushiCalc;
		};
/* End PBXContainerItemProxy section */

/* Begin PBXFileReference section */
		9BB4D1521DC48C240080A2D1 /* SushiCalc.app */ = {isa = PBXFileReference; explicitFileType = wrapper.application; includeInIndex = 0; path = SushiCalc.app; sourceTree = BUILT_PRODUCTS_DIR; };
		9BB4D1551DC48C240080A2D1 /* AppDelegate.swift */ = {isa = PBXFileReference; lastKnownFileType = sourcecode.swift; path = AppDelegate.swift; sourceTree = "<group>"; };
		9BB4D1571DC48C240080A2D1 /* ViewController.swift */ = {isa = PBXFileReference; lastKnownFileType = sourcecode.swift; path = ViewController.swift; sourceTree = "<group>"; };
		9BB4D15A1DC48C240080A2D1 /* Base */ = {isa = PBXFileReference; lastKnownFileType = file.storyboard; name = Base; path = Base.lproj/Main.storyboard; sourceTree = "<group>"; };
		9BB4D15C1DC48C240080A2D1 /* Assets.xcassets */ = {isa = PBXFileReference; lastKnownFileType = folder.assetcatalog; path = Assets.xcassets; sourceTree = "<group>"; };
		9BB4D15F1DC48C240080A2D1 /* Base */ = {isa = PBXFileReference; lastKnownFileType = file.storyboard; name = Base; path = Base.lproj/LaunchScreen.storyboard; sourceTree = "<group>"; };
		9BB4D1611DC48C240080A2D1 /* Info.plist */ = {isa = PBXFileReference; lastKnownFileType = text.plist.xml; path = Info.plist; sourceTree = "<group>"; };
		9BB4D1661DC48C250080A2D1 /* SushiCalcTests.xctest */ = {isa = PBXFileReference; explicitFileType = wrapper.cfbundle; includeInIndex = 0; path = SushiCalcTests.xctest; sourceTree = BUILT_PRODUCTS_DIR; };
		9BB4D16A1DC48C250080A2D1 /* SushiCalcTests.swift */ = {isa = PBXFileReference; lastKnownFileType = sourcecode.swift; path = SushiCalcTests.swift; sourceTree = "<group>"; };
		9BB4D16C1DC48C250080A2D1 /* Info.plist */ = {isa = PBXFileReference; lastKnownFileType = text.plist.xml; path = Info.plist; sourceTree = "<group>"; };
		9BB4D1711DC48C250080A2D1 /* SushiCalcUITests.xctest */ = {isa = PBXFileReference; explicitFileType = wrapper.cfbundle; includeInIndex = 0; path = SushiCalcUITests.xctest; sourceTree = BUILT_PRODUCTS_DIR; };
		9BB4D1751DC48C250080A2D1 /* SushiCalcUITests.swift */ = {isa = PBXFileReference; lastKnownFileType = sourcecode.swift; path = SushiCalcUITests.swift; sourceTree = "<group>"; };
		9BB4D1771DC48C250080A2D1 /* Info.plist */ = {isa = PBXFileReference; lastKnownFileType = text.plist.xml; path = Info.plist; sourceTree = "<group>"; };
/* End PBXFileReference section */

/* Begin PBXFrameworksBuildPhase section */
		9BB4D14F1DC48C240080A2D1 /* Frameworks */ = {
			isa = PBXFrameworksBuildPhase;
			buildActionMask = 2147483647;
			files = (
			);
			runOnlyForDeploymentPostprocessing = 0;
		};
		9BB4D1631DC48C250080A2D1 /* Frameworks */ = {
			isa = PBXFrameworksBuildPhase;
			buildActionMask = 2147483647;
			files = (
			);
			runOnlyForDeploymentPostprocessing = 0;
		};
		9BB4D16E1DC48C250080A2D1 /* Frameworks */ = {
			isa = PBXFrameworksBuildPhase;
			buildActionMask = 2147483647;
			files = (
			);
			runOnlyForDeploymentPostprocessing = 0;
		};
/* End PBXFrameworksBuildPhase section */

/* Begin PBXGroup section */
		9BB4D1491DC48C240080A2D1 = {
			isa = PBXGroup;
			children = (
				9BB4D1541DC48C240080A2D1 /* SushiCalc */,
				9BB4D1691DC48C250080A2D1 /* SushiCalcTests */,
				9BB4D1741DC48C250080A2D1 /* SushiCalcUITests */,
				9BB4D1531DC48C240080A2D1 /* Products */,
			);
			sourceTree = "<group>";
		};
		9BB4D1531DC48C240080A2D1 /* Products */ = {
			isa = PBXGroup;
			children = (
				9BB4D1521DC48C240080A2D1 /* SushiCalc.app */,
				9BB4D1661DC48C250080A2D1 /* SushiCalcTests.xctest */,
				9BB4D1711DC48C250080A2D1 /* SushiCalcUITests.xctest */,
			);
			name = Products;
			sourceTree = "<group>";
		};
		9BB4D1541DC48C240080A2D1 /* SushiCalc */ = {
			isa = PBXGroup;
			children = (
				9BB4D1551DC48C240080A2D1 /* AppDelegate.swift */,
				9BB4D1571DC48C240080A2D1 /* ViewController.swift */,
				9BB4D1591DC48C240080A2D1 /* Main.storyboard */,
				9BB4D15C1DC48C240080A2D1 /* Assets.xcassets */,
				9BB4D15E1DC48C240080A2D1 /* LaunchScreen.storyboard */,
				9BB4D1611DC48C240080A2D1 /* Info.plist */,
			);
			path = SushiCalc;
			sourceTree = "<group>";
		};
		9BB4D1691DC48C250080A2D1 /* SushiCalcTests */ = {
			isa = PBXGroup;
			children = (
				9BB4D16A1DC48C250080A2D1 /* SushiCalcTests.swift */,
				9BB4D16C1DC48C250080A2D1 /* Info.plist */,
			);
			path = SushiCalcTests;
			sourceTree = "<group>";
		};
		9BB4D1741DC48C250080A2D1 /* SushiCalcUITests */ = {
			isa = PBXGroup;
			children = (
				9BB4D1751DC48C250080A2D1 /* SushiCalcUITests.swift */,
				9BB4D1771DC48C250080A2D1 /* Info.plist */,
			);
			path = SushiCalcUITests;
			sourceTree = "<group>";
		};
/* End PBXGroup section */

/* Begin PBXNativeTarget section */
		9BB4D1511DC48C240080A2D1 /* SushiCalc */ = {
			isa = PBXNativeTarget;
			buildConfigurationList = 9BB4D17A1DC48C250080A2D1 /* Build configuration list for PBXNativeTarget "SushiCalc" */;
			buildPhases = (
				9BB4D14E1DC48C240080A2D1 /* Sources */,
				9BB4D14F1DC48C240080A2D1 /* Frameworks */,
				9BB4D1501DC48C240080A2D1 /* Resources */,
			);
			buildRules = (
			);
			dependencies = (
			);
			name = SushiCalc;
			productName = SushiCalc;
			productReference = 9BB4D1521DC48C240080A2D1 /* SushiCalc.app */;
			productType = "com.apple.product-type.application";
		};
		9BB4D1651DC48C250080A2D1 /* SushiCalcTests */ = {
			isa = PBXNativeTarget;
			buildConfigurationList = 9BB4D17D1DC48C250080A2D1 /* Build configuration list for PBXNativeTarget "SushiCalcTests" */;
			buildPhases = (
				9BB4D1621DC48C250080A2D1 /* Sources */,
				9BB4D1631DC48C250080A2D1 /* Frameworks */,
				9BB4D1641DC48C250080A2D1 /* Resources */,
			);
			buildRules = (
			);
			dependencies = (
				9BB4D1681DC48C250080A2D1 /* PBXTargetDependency */,
			);
			name = SushiCalcTests;
			productName = SushiCalcTests;
			productReference = 9BB4D1661DC48C250080A2D1 /* SushiCalcTests.xctest */;
			productType = "com.apple.product-type.bundle.unit-test";
		};
		9BB4D1701DC48C250080A2D1 /* SushiCalcUITests */ = {
			isa = PBXNativeTarget;
			buildConfigurationList = 9BB4D1801DC48C250080A2D1 /* Build configuration list for PBXNativeTarget "SushiCalcUITests" */;
			buildPhases = (
				9BB4D16D1DC48C250080A2D1 /* Sources */,
				9BB4D16E1DC48C250080A2D1 /* Frameworks */,
				9BB4D16F1DC48C250080A2D1 /* Resources */,
			);
			buildRules = (
			);
			dependencies = (
				9BB4D1731DC48C250080A2D1 /* PBXTargetDependency */,
			);
			name = SushiCalcUITests;
			productName = SushiCalcUITests;
			productReference = 9BB4D1711DC48C250080A2D1 /* SushiCalcUITests.xctest */;
			productType = "com.apple.product-type.bundle.ui-testing";
		};
/* End PBXNativeTarget section */

/* Begin PBXProject section */
		9BB4D14A1DC48C240080A2D1 /* Project object */ = {
			isa = PBXProject;
			attributes = {
				LastSwiftUpdateCheck = 0800;
				LastUpgradeCheck = 0810;
				ORGANIZATIONNAME = "Kyle Sargent";
				TargetAttributes = {
					9BB4D1511DC48C240080A2D1 = {
						CreatedOnToolsVersion = 8.0;
						DevelopmentTeam = ZX9UTWW422;
						ProvisioningStyle = Automatic;
					};
					9BB4D1651DC48C250080A2D1 = {
						CreatedOnToolsVersion = 8.0;
						ProvisioningStyle = Automatic;
						TestTargetID = 9BB4D1511DC48C240080A2D1;
					};
					9BB4D1701DC48C250080A2D1 = {
						CreatedOnToolsVersion = 8.0;
						ProvisioningStyle = Automatic;
						TestTargetID = 9BB4D1511DC48C240080A2D1;
					};
				};
			};
			buildConfigurationList = 9BB4D14D1DC48C240080A2D1 /* Build configuration list for PBXProject "SushiCalc" */;
			compatibilityVersion = "Xcode 3.2";
			developmentRegion = English;
			hasScannedForEncodings = 0;
			knownRegions = (
				en,
				Base,
			);
			mainGroup = 9BB4D1491DC48C240080A2D1;
			productRefGroup = 9BB4D1531DC48C240080A2D1 /* Products */;
			projectDirPath = "";
			projectRoot = "";
			targets = (
				9BB4D1511DC48C240080A2D1 /* SushiCalc */,
				9BB4D1651DC48C250080A2D1 /* SushiCalcTests */,
				9BB4D1701DC48C250080A2D1 /* SushiCalcUITests */,
			);
		};
/* End PBXProject section */

/* Begin PBXResourcesBuildPhase section */
		9BB4D1501DC48C240080A2D1 /* Resources */ = {
			isa = PBXResourcesBuildPhase;
			buildActionMask = 2147483647;
			files = (
				9BB4D1601DC48C240080A2D1 /* LaunchScreen.storyboard in Resources */,
				9BB4D15D1DC48C240080A2D1 /* Assets.xcassets in Resources */,
				9BB4D15B1DC48C240080A2D1 /* Main.storyboard in Resources */,
			);
			runOnlyForDeploymentPostprocessing = 0;
		};
		9BB4D1641DC48C250080A2D1 /* Resources */ = {
			isa = PBXResourcesBuildPhase;
			buildActionMask = 2147483647;
			files = (
			);
			runOnlyForDeploymentPostprocessing = 0;
		};
		9BB4D16F1DC48C250080A2D1 /* Resources */ = {
			isa = PBXResourcesBuildPhase;
			buildActionMask = 2147483647;
			files = (
			);
			runOnlyForDeploymentPostprocessing = 0;
		};
/* End PBXResourcesBuildPhase section */

/* Begin PBXSourcesBuildPhase section */
		9BB4D14E1DC48C240080A2D1 /* Sources */ = {
			isa = PBXSourcesBuildPhase;
			buildActionMask = 2147483647;
			files = (
				9BB4D1581DC48C240080A2D1 /* ViewController.swift in Sources */,
				9BB4D1561DC48C240080A2D1 /* AppDelegate.swift in Sources */,
			);
			runOnlyForDeploymentPostprocessing = 0;
		};
		9BB4D1621DC48C250080A2D1 /* Sources */ = {
			isa = PBXSourcesBuildPhase;
			buildActionMask = 2147483647;
			files = (
				9BB4D16B1DC48C250080A2D1 /* SushiCalcTests.swift in Sources */,
			);
			runOnlyForDeploymentPostprocessing = 0;
		};
		9BB4D16D1DC48C250080A2D1 /* Sources */ = {
			isa = PBXSourcesBuildPhase;
			buildActionMask = 2147483647;
			files = (
				9BB4D1761DC48C250080A2D1 /* SushiCalcUITests.swift in Sources */,
			);
			runOnlyForDeploymentPostprocessing = 0;
		};
/* End PBXSourcesBuildPhase section */

/* Begin PBXTargetDependency section */
		9BB4D1681DC48C250080A2D1 /* PBXTargetDependency */ = {
			isa = PBXTargetDependency;
			target = 9BB4D1511DC48C240080A2D1 /* SushiCalc */;
			targetProxy = 9BB4D1671DC48C250080A2D1 /* PBXContainerItemProxy */;
		};
		9BB4D1731DC48C250080A2D1 /* PBXTargetDependency */ = {
			isa = PBXTargetDependency;
			target = 9BB4D1511DC48C240080A2D1 /* SushiCalc */;
			targetProxy = 9BB4D1721DC48C250080A2D1 /* PBXContainerItemProxy */;
		};
/* End PBXTargetDependency section */

/* Begin PBXVariantGroup section */
		9BB4D1591DC48C240080A2D1 /* Main.storyboard */ = {
			isa = PBXVariantGroup;
			children = (
				9BB4D15A1DC48C240080A2D1 /* Base */,
			);
			name = Main.storyboard;
			sourceTree = "<group>";
		};
		9BB4D15E1DC48C240080A2D1 /* LaunchScreen.storyboard */ = {
			isa = PBXVariantGroup;
			children = (
				9BB4D15F1DC48C240080A2D1 /* Base */,
			);
			name = LaunchScreen.storyboard;
			sourceTree = "<group>";
		};
/* End PBXVariantGroup section */

/* Begin XCBuildConfiguration section */
		9BB4D1781DC48C250080A2D1 /* Debug */ = {
			isa = XCBuildConfiguration;
			buildSettings = {
				ALWAYS_SEARCH_USER_PATHS = NO;
				CLANG_ANALYZER_NONNULL = YES;
				CLANG_CXX_LANGUAGE_STANDARD = "gnu++0x";
				CLANG_CXX_LIBRARY = "libc++";
				CLANG_ENABLE_MODULES = YES;
				CLANG_ENABLE_OBJC_ARC = YES;
				CLANG_WARN_BOOL_CONVERSION = YES;
				CLANG_WARN_CONSTANT_CONVERSION = YES;
				CLANG_WARN_DIRECT_OBJC_ISA_USAGE = YES_ERROR;
				CLANG_WARN_DOCUMENTATION_COMMENTS = YES;
				CLANG_WARN_EMPTY_BODY = YES;
				CLANG_WARN_ENUM_CONVERSION = YES;
				CLANG_WARN_INFINITE_RECURSION = YES;
				CLANG_WARN_INT_CONVERSION = YES;
				CLANG_WARN_OBJC_ROOT_CLASS = YES_ERROR;
				CLANG_WARN_SUSPICIOUS_MOVE = YES;
				CLANG_WARN_SUSPICIOUS_MOVES = YES;
				CLANG_WARN_UNREACHABLE_CODE = YES;
				CLANG_WARN__DUPLICATE_METHOD_MATCH = YES;
				"CODE_SIGN_IDENTITY[sdk=iphoneos*]" = "iPhone Developer";
				COPY_PHASE_STRIP = NO;
				DEBUG_INFORMATION_FORMAT = dwarf;
				ENABLE_STRICT_OBJC_MSGSEND = YES;
				ENABLE_TESTABILITY = YES;
				GCC_C_LANGUAGE_STANDARD = gnu99;
				GCC_DYNAMIC_NO_PIC = NO;
				GCC_NO_COMMON_BLOCKS = YES;
				GCC_OPTIMIZATION_LEVEL = 0;
				GCC_PREPROCESSOR_DEFINITIONS = (
					"DEBUG=1",
					"$(inherited)",
				);
				GCC_WARN_64_TO_32_BIT_CONVERSION = YES;
				GCC_WARN_ABOUT_RETURN_TYPE = YES_ERROR;
				GCC_WARN_UNDECLARED_SELECTOR = YES;
				GCC_WARN_UNINITIALIZED_AUTOS = YES_AGGRESSIVE;
				GCC_WARN_UNUSED_FUNCTION = YES;
				GCC_WARN_UNUSED_VARIABLE = YES;
				IPHONEOS_DEPLOYMENT_TARGET = 10.0;
				MTL_ENABLE_DEBUG_INFO = YES;
				ONLY_ACTIVE_ARCH = YES;
				SDKROOT = iphoneos;
				SWIFT_ACTIVE_COMPILATION_CONDITIONS = DEBUG;
				SWIFT_OPTIMIZATION_LEVEL = "-Onone";
			};
			name = Debug;
		};
		9BB4D1791DC48C250080A2D1 /* Release */ = {
			isa = XCBuildConfiguration;
			buildSettings = {
				ALWAYS_SEARCH_USER_PATHS = NO;
				CLANG_ANALYZER_NONNULL = YES;
				CLANG_CXX_LANGUAGE_STANDARD = "gnu++0x";
				CLANG_CXX_LIBRARY = "libc++";
				CLANG_ENABLE_MODULES = YES;
				CLANG_ENABLE_OBJC_ARC = YES;
				CLANG_WARN_BOOL_CONVERSION = YES;
				CLANG_WARN_CONSTANT_CONVERSION = YES;
				CLANG_WARN_DIRECT_OBJC_ISA_USAGE = YES_ERROR;
				CLANG_WARN_DOCUMENTATION_COMMENTS = YES;
				CLANG_WARN_EMPTY_BODY = YES;
				CLANG_WARN_ENUM_CONVERSION = YES;
				CLANG_WARN_INFINITE_RECURSION = YES;
				CLANG_WARN_INT_CONVERSION = YES;
				CLANG_WARN_OBJC_ROOT_CLASS = YES_ERROR;
				CLANG_WARN_SUSPICIOUS_MOVE = YES;
				CLANG_WARN_SUSPICIOUS_MOVES = YES;
				CLANG_WARN_UNREACHABLE_CODE = YES;
				CLANG_WARN__DUPLICATE_METHOD_MATCH = YES;
				"CODE_SIGN_IDENTITY[sdk=iphoneos*]" = "iPhone Developer";
				COPY_PHASE_STRIP = NO;
				DEBUG_INFORMATION_FORMAT = "dwarf-with-dsym";
				ENABLE_NS_ASSERTIONS = NO;
				ENABLE_STRICT_OBJC_MSGSEND = YES;
				GCC_C_LANGUAGE_STANDARD = gnu99;
				GCC_NO_COMMON_BLOCKS = YES;
				GCC_WARN_64_TO_32_BIT_CONVERSION = YES;
				GCC_WARN_ABOUT_RETURN_TYPE = YES_ERROR;
				GCC_WARN_UNDECLARED_SELECTOR = YES;
				GCC_WARN_UNINITIALIZED_AUTOS = YES_AGGRESSIVE;
				GCC_WARN_UNUSED_FUNCTION = YES;
				GCC_WARN_UNUSED_VARIABLE = YES;
				IPHONEOS_DEPLOYMENT_TARGET = 10.0;
				MTL_ENABLE_DEBUG_INFO = NO;
				SDKROOT = iphoneos;
				SWIFT_OPTIMIZATION_LEVEL = "-Owholemodule";
				VALIDATE_PRODUCT = YES;
			};
			name = Release;
		};
		9BB4D17B1DC48C250080A2D1 /* Debug */ = {
			isa = XCBuildConfiguration;
			buildSettings = {
				ASSETCATALOG_COMPILER_APPICON_NAME = AppIcon;
				DEVELOPMENT_TEAM = ZX9UTWW422;
				INFOPLIST_FILE = SushiCalc/Info.plist;
				LD_RUNPATH_SEARCH_PATHS = "$(inherited) @executable_path/Frameworks";
				PRODUCT_BUNDLE_IDENTIFIER = ksarge.SushiCalc;
				PRODUCT_NAME = "$(TARGET_NAME)";
				SWIFT_VERSION = 3.0;
			};
			name = Debug;
		};
		9BB4D17C1DC48C250080A2D1 /* Release */ = {
			isa = XCBuildConfiguration;
			buildSettings = {
				ASSETCATALOG_COMPILER_APPICON_NAME = AppIcon;
				DEVELOPMENT_TEAM = ZX9UTWW422;
				INFOPLIST_FILE = SushiCalc/Info.plist;
				LD_RUNPATH_SEARCH_PATHS = "$(inherited) @executable_path/Frameworks";
				PRODUCT_BUNDLE_IDENTIFIER = ksarge.SushiCalc;
				PRODUCT_NAME = "$(TARGET_NAME)";
				SWIFT_VERSION = 3.0;
			};
			name = Release;
		};
		9BB4D17E1DC48C250080A2D1 /* Debug */ = {
			isa = XCBuildConfiguration;
			buildSettings = {
				ALWAYS_EMBED_SWIFT_STANDARD_LIBRARIES = YES;
				BUNDLE_LOADER = "$(TEST_HOST)";
				INFOPLIST_FILE = SushiCalcTests/Info.plist;
				LD_RUNPATH_SEARCH_PATHS = "$(inherited) @executable_path/Frameworks @loader_path/Frameworks";
				PRODUCT_BUNDLE_IDENTIFIER = kamon.SushiCalcTests;
				PRODUCT_NAME = "$(TARGET_NAME)";
				SWIFT_VERSION = 3.0;
				TEST_HOST = "$(BUILT_PRODUCTS_DIR)/SushiCalc.app/SushiCalc";
			};
			name = Debug;
		};
		9BB4D17F1DC48C250080A2D1 /* Release */ = {
			isa = XCBuildConfiguration;
			buildSettings = {
				ALWAYS_EMBED_SWIFT_STANDARD_LIBRARIES = YES;
				BUNDLE_LOADER = "$(TEST_HOST)";
				INFOPLIST_FILE = SushiCalcTests/Info.plist;
				LD_RUNPATH_SEARCH_PATHS = "$(inherited) @executable_path/Frameworks @loader_path/Frameworks";
				PRODUCT_BUNDLE_IDENTIFIER = kamon.SushiCalcTests;
				PRODUCT_NAME = "$(TARGET_NAME)";
				SWIFT_VERSION = 3.0;
				TEST_HOST = "$(BUILT_PRODUCTS_DIR)/SushiCalc.app/SushiCalc";
			};
			name = Release;
		};
		9BB4D1811DC48C250080A2D1 /* Debug */ = {
			isa = XCBuildConfiguration;
			buildSettings = {
				ALWAYS_EMBED_SWIFT_STANDARD_LIBRARIES = YES;
				INFOPLIST_FILE = SushiCalcUITests/Info.plist;
				LD_RUNPATH_SEARCH_PATHS = "$(inherited) @executable_path/Frameworks @loader_path/Frameworks";
				PRODUCT_BUNDLE_IDENTIFIER = kamon.SushiCalcUITests;
				PRODUCT_NAME = "$(TARGET_NAME)";
				SWIFT_VERSION = 3.0;
				TEST_TARGET_NAME = SushiCalc;
			};
			name = Debug;
		};
		9BB4D1821DC48C250080A2D1 /* Release */ = {
			isa = XCBuildConfiguration;
			buildSettings = {
				ALWAYS_EMBED_SWIFT_STANDARD_LIBRARIES = YES;
				INFOPLIST_FILE = SushiCalcUITests/Info.plist;
				LD_RUNPATH_SEARCH_PATHS = "$(inherited) @executable_path/Frameworks @loader_path/Frameworks";
				PRODUCT_BUNDLE_IDENTIFIER = kamon.SushiCalcUITests;
				PRODUCT_NAME = "$(TARGET_NAME)";
				SWIFT_VERSION = 3.0;
				TEST_TARGET_NAME = SushiCalc;
			};
			name = Release;
		};
/* End XCBuildConfiguration section */

/* Begin XCConfigurationList section */
		9BB4D14D1DC48C240080A2D1 /* Build configuration list for PBXProject "SushiCalc" */ = {
			isa = XCConfigurationList;
			buildConfigurations = (
				9BB4D1781DC48C250080A2D1 /* Debug */,
				9BB4D1791DC48C250080A2D1 /* Release */,
			);
			defaultConfigurationIsVisible = 0;
			defaultConfigurationName = Release;
		};
		9BB4D17A1DC48C250080A2D1 /* Build configuration list for PBXNativeTarget "SushiCalc" */ = {
			isa = XCConfigurationList;
			buildConfigurations = (
				9BB4D17B1DC48C250080A2D1 /* Debug */,
				9BB4D17C1DC48C250080A2D1 /* Release */,
			);
			defaultConfigurationIsVisible = 0;
			defaultConfigurationName = Release;
		};
		9BB4D17D1DC48C250080A2D1 /* Build configuration list for PBXNativeTarget "SushiCalcTests" */ = {
			isa = XCConfigurationList;
			buildConfigurations = (
				9BB4D17E1DC48C250080A2D1 /* Debug */,
				9BB4D17F1DC48C250080A2D1 /* Release */,
			);
			defaultConfigurationIsVisible = 0;
			defaultConfigurationName = Release;
		};
		9BB4D1801DC48C250080A2D1 /* Build configuration list for PBXNativeTarget "SushiCalcUITests" */ = {
			isa = XCConfigurationList;
			buildConfigurations = (
				9BB4D1811DC48C250080A2D1 /* Debug */,
				9BB4D1821DC48C250080A2D1 /* Release */,
			);
			defaultConfigurationIsVisible = 0;
			defaultConfigurationName = Release;
		};
/* End XCConfigurationList section */
	};
	rootObject = 9BB4D14A1DC48C240080A2D1 /* Project object */;
}
